
Microsoft Visual Studio Solution File, Format Version 11.00
# Visual Studio 2010
Project("{FAE04EC0-301F-11D3-BF4B-00C04F79EFBC}") = "PinoLandMVC4", "PinoLandMVC4\PinoLandMVC4.csproj", "{AC55C313-7EE4-45A7-B477-9070DD80CA24}"
EndProject
Project("{FAE04EC0-301F-11D3-BF4B-00C04F79EFBC}") = "GameCore", "PinoLandCore\GameCore.csproj", "{BE6F1C78-5260-4D8E-81F2-0BB83CE43204}"
EndProject
Project("{FAE04EC0-301F-11D3-BF4B-00C04F79EFBC}") = "PinoLandServerLib", "..\PinoLand\PinoLandServer\PinoLandServerLib\PinoLandServerLib.csproj", "{0F47AD69-7FB5-4E3F-AE0D-1C5DC299801E}"
EndProject
Global
	GlobalSection(SolutionConfigurationPlatforms) = preSolution
		Debug|Any CPU = Debug|Any CPU
		Release|Any CPU = Release|Any CPU
	EndGlobalSection
	GlobalSection(ProjectConfigurationPlatforms) = postSolution
		{AC55C313-7EE4-45A7-B477-9070DD80CA24}.Debug|Any CPU.ActiveCfg = Debug|Any CPU
		{AC55C313-7EE4-45A7-B477-9070DD80CA24}.Debug|Any CPU.Build.0 = Debug|Any CPU
		{AC55C313-7EE4-45A7-B477-9070DD80CA24}.Release|Any CPU.ActiveCfg = Release|Any CPU
		{AC55C313-7EE4-45A7-B477-9070DD80CA24}.Release|Any CPU.Build.0 = Release|Any CPU
		{BE6F1C78-5260-4D8E-81F2-0BB83CE43204}.Debug|Any CPU.ActiveCfg = Debug|Any CPU
		{BE6F1C78-5260-4D8E-81F2-0BB83CE43204}.Debug|Any CPU.Build.0 = Debug|Any CPU
		{BE6F1C78-5260-4D8E-81F2-0BB83CE43204}.Release|Any CPU.ActiveCfg = Release|Any CPU
		{BE6F1C78-5260-4D8E-81F2-0BB83CE43204}.Release|Any CPU.Build.0 = Release|Any CPU
		{0F47AD69-7FB5-4E3F-AE0D-1C5DC299801E}.Debug|Any CPU.ActiveCfg = Debug|Any CPU
		{0F47AD69-7FB5-4E3F-AE0D-1C5DC299801E}.Debug|Any CPU.Build.0 = Debug|Any CPU
		{0F47AD69-7FB5-4E3F-AE0D-1C5DC299801E}.Release|Any CPU.ActiveCfg = Release|Any CPU
		{0F47AD69-7FB5-4E3F-AE0D-1C5DC299801E}.Release|Any CPU.Build.0 = Release|Any CPU
	EndGlobalSection
	GlobalSection(SolutionProperties) = preSolution
		HideSolutionNode = FALSE
	EndGlobalSection
EndGlobal
